// !$*UTF8*$!
{
	archiveVersion = 1;
	classes = {
	};
	objectVersion = 56;
	objects = {

/* Begin PBXBuildFile section */
		D520EB8C2E0C945800025C28 /* TileRenderer.swift in Sources */ = {isa = PBXBuildFile; fileRef = D520EB8B2E0C945800025C28 /* TileRenderer.swift */; };
		D520EB8E2E0E7C2C00025C28 /* DisplayInputAdapter.swift in Sources */ = {isa = PBXBuildFile; fileRef = D520EB8D2E0E7C2C00025C28 /* DisplayInputAdapter.swift */; };
		D520EB922E0F1FBA00025C28 /* oam_parser.metal in Sources */ = {isa = PBXBuildFile; fileRef = D520EB912E0F1FBA00025C28 /* oam_parser.metal */; };
		D56106E72DFB709A009E86D7 /* GbaDisplayApp.swift in Sources */ = {isa = PBXBuildFile; fileRef = D56106E62DFB709A009E86D7 /* GbaDisplayApp.swift */; };
		D56106E92DFB709A009E86D7 /* ContentView.swift in Sources */ = {isa = PBXBuildFile; fileRef = D56106E82DFB709A009E86D7 /* ContentView.swift */; };
		D56106EB2DFB709F009E86D7 /* Assets.xcassets in Resources */ = {isa = PBXBuildFile; fileRef = D56106EA2DFB709F009E86D7 /* Assets.xcassets */; };
		D56106EE2DFB709F009E86D7 /* Preview Assets.xcassets in Resources */ = {isa = PBXBuildFile; fileRef = D56106ED2DFB709F009E86D7 /* Preview Assets.xcassets */; };
		D56106F62DFB7290009E86D7 /* MetalView.swift in Sources */ = {isa = PBXBuildFile; fileRef = D56106F52DFB7290009E86D7 /* MetalView.swift */; };
		D56106F82DFB72EB009E86D7 /* MetalRenderer.swift in Sources */ = {isa = PBXBuildFile; fileRef = D56106F72DFB72EB009E86D7 /* MetalRenderer.swift */; };
		D56106FC2DFB731E009E86D7 /* Shaders.metal in Sources */ = {isa = PBXBuildFile; fileRef = D56106FB2DFB731E009E86D7 /* Shaders.metal */; };
		D56106FE2DFBF58D009E86D7 /* GameLoop.swift in Sources */ = {isa = PBXBuildFile; fileRef = D56106FD2DFBF58D009E86D7 /* GameLoop.swift */; };
		D56C94562E01F198000E6A1E /* Bridging-Header-cpp.mm in Sources */ = {isa = PBXBuildFile; fileRef = D56C94552E01F198000E6A1E /* Bridging-Header-cpp.mm */; };
		D56C94592E01F3AE000E6A1E /* cpu_runner.a in Frameworks */ = {isa = PBXBuildFile; fileRef = D56C94582E01F3AE000E6A1E /* cpu_runner.a */; };
		D56C945D2E027AC1000E6A1E /* MemoryAccessor.swift in Sources */ = {isa = PBXBuildFile; fileRef = D56C945C2E027AC1000E6A1E /* MemoryAccessor.swift */; };
		D5CF437B2E00C2BF00CDFFBA /* RegisterDecoders.swift in Sources */ = {isa = PBXBuildFile; fileRef = D5CF437A2E00C2BF00CDFFBA /* RegisterDecoders.swift */; };
/* End PBXBuildFile section */

/* Begin PBXFileReference section */
		D520EB8B2E0C945800025C28 /* TileRenderer.swift */ = {isa = PBXFileReference; lastKnownFileType = sourcecode.swift; path = TileRenderer.swift; sourceTree = "<group>"; };
		D520EB8D2E0E7C2C00025C28 /* DisplayInputAdapter.swift */ = {isa = PBXFileReference; lastKnownFileType = sourcecode.swift; path = DisplayInputAdapter.swift; sourceTree = "<group>"; };
		D520EB912E0F1FBA00025C28 /* oam_parser.metal */ = {isa = PBXFileReference; lastKnownFileType = sourcecode.metal; path = oam_parser.metal; sourceTree = "<group>"; };
		D56106E32DFB709A009E86D7 /* GbaDisplay.app */ = {isa = PBXFileReference; explicitFileType = wrapper.application; includeInIndex = 0; path = GbaDisplay.app; sourceTree = BUILT_PRODUCTS_DIR; };
		D56106E62DFB709A009E86D7 /* GbaDisplayApp.swift */ = {isa = PBXFileReference; lastKnownFileType = sourcecode.swift; path = GbaDisplayApp.swift; sourceTree = "<group>"; };
		D56106E82DFB709A009E86D7 /* ContentView.swift */ = {isa = PBXFileReference; lastKnownFileType = sourcecode.swift; path = ContentView.swift; sourceTree = "<group>"; };
		D56106EA2DFB709F009E86D7 /* Assets.xcassets */ = {isa = PBXFileReference; lastKnownFileType = folder.assetcatalog; path = Assets.xcassets; sourceTree = "<group>"; };
		D56106ED2DFB709F009E86D7 /* Preview Assets.xcassets */ = {isa = PBXFileReference; lastKnownFileType = folder.assetcatalog; path = "Preview Assets.xcassets"; sourceTree = "<group>"; };
		D56106EF2DFB709F009E86D7 /* GbaDisplay.entitlements */ = {isa = PBXFileReference; lastKnownFileType = text.plist.entitlements; path = GbaDisplay.entitlements; sourceTree = "<group>"; };
		D56106F52DFB7290009E86D7 /* MetalView.swift */ = {isa = PBXFileReference; lastKnownFileType = sourcecode.swift; path = MetalView.swift; sourceTree = "<group>"; };
		D56106F72DFB72EB009E86D7 /* MetalRenderer.swift */ = {isa = PBXFileReference; lastKnownFileType = sourcecode.swift; path = MetalRenderer.swift; sourceTree = "<group>"; };
		D56106FB2DFB731E009E86D7 /* Shaders.metal */ = {isa = PBXFileReference; lastKnownFileType = sourcecode.metal; path = Shaders.metal; sourceTree = "<group>"; };
		D56106FD2DFBF58D009E86D7 /* GameLoop.swift */ = {isa = PBXFileReference; lastKnownFileType = sourcecode.swift; path = GameLoop.swift; sourceTree = "<group>"; };
		D561070C2DFCF77B009E86D7 /* Structs.h */ = {isa = PBXFileReference; lastKnownFileType = sourcecode.c.h; path = Structs.h; sourceTree = "<group>"; };
		D561070D2DFCF7BF009E86D7 /* Bridging-Header.h */ = {isa = PBXFileReference; lastKnownFileType = sourcecode.c.h; path = "Bridging-Header.h"; sourceTree = "<group>"; };
		D56C94552E01F198000E6A1E /* Bridging-Header-cpp.mm */ = {isa = PBXFileReference; lastKnownFileType = sourcecode.cpp.objcpp; path = "Bridging-Header-cpp.mm"; sourceTree = "<group>"; };
		D56C94582E01F3AE000E6A1E /* cpu_runner.a */ = {isa = PBXFileReference; lastKnownFileType = archive.ar; name = cpu_runner.a; path = ../build/cpu_runner.a; sourceTree = "<group>"; };
		D56C945A2E01F58A000E6A1E /* Bridging-Header-cpp.h */ = {isa = PBXFileReference; lastKnownFileType = sourcecode.c.h; path = "Bridging-Header-cpp.h"; sourceTree = "<group>"; };
		D56C945C2E027AC1000E6A1E /* MemoryAccessor.swift */ = {isa = PBXFileReference; lastKnownFileType = sourcecode.swift; path = MemoryAccessor.swift; sourceTree = "<group>"; };
		D5CF437A2E00C2BF00CDFFBA /* RegisterDecoders.swift */ = {isa = PBXFileReference; lastKnownFileType = sourcecode.swift; path = RegisterDecoders.swift; sourceTree = "<group>"; };
/* End PBXFileReference section */

/* Begin PBXFrameworksBuildPhase section */
		D56106E02DFB709A009E86D7 /* Frameworks */ = {
			isa = PBXFrameworksBuildPhase;
			buildActionMask = 2147483647;
			files = (
				D56C94592E01F3AE000E6A1E /* cpu_runner.a in Frameworks */,
			);
			runOnlyForDeploymentPostprocessing = 0;
		};
/* End PBXFrameworksBuildPhase section */

/* Begin PBXGroup section */
		D56106DA2DFB709A009E86D7 = {
			isa = PBXGroup;
			children = (
				D56106E52DFB709A009E86D7 /* GbaDisplay */,
				D56106E42DFB709A009E86D7 /* Products */,
				D56C94572E01F3AE000E6A1E /* Frameworks */,
			);
			sourceTree = "<group>";
		};
		D56106E42DFB709A009E86D7 /* Products */ = {
			isa = PBXGroup;
			children = (
				D56106E32DFB709A009E86D7 /* GbaDisplay.app */,
			);
			name = Products;
			sourceTree = "<group>";
		};
		D56106E52DFB709A009E86D7 /* GbaDisplay */ = {
			isa = PBXGroup;
			children = (
				D56106E62DFB709A009E86D7 /* GbaDisplayApp.swift */,
				D56106E82DFB709A009E86D7 /* ContentView.swift */,
				D56106F52DFB7290009E86D7 /* MetalView.swift */,
				D56106F72DFB72EB009E86D7 /* MetalRenderer.swift */,
				D520EB8B2E0C945800025C28 /* TileRenderer.swift */,
				D520EB8D2E0E7C2C00025C28 /* DisplayInputAdapter.swift */,
				D56106FD2DFBF58D009E86D7 /* GameLoop.swift */,
				D5CF437A2E00C2BF00CDFFBA /* RegisterDecoders.swift */,
				D561070C2DFCF77B009E86D7 /* Structs.h */,
				D520EB912E0F1FBA00025C28 /* oam_parser.metal */,
				D561070D2DFCF7BF009E86D7 /* Bridging-Header.h */,
				D56C94552E01F198000E6A1E /* Bridging-Header-cpp.mm */,
				D56C945A2E01F58A000E6A1E /* Bridging-Header-cpp.h */,
				D56C945C2E027AC1000E6A1E /* MemoryAccessor.swift */,
				D56106FB2DFB731E009E86D7 /* Shaders.metal */,
				D56106EA2DFB709F009E86D7 /* Assets.xcassets */,
				D56106EF2DFB709F009E86D7 /* GbaDisplay.entitlements */,
				D56106EC2DFB709F009E86D7 /* Preview Content */,
			);
			path = GbaDisplay;
			sourceTree = "<group>";
		};
		D56106EC2DFB709F009E86D7 /* Preview Content */ = {
			isa = PBXGroup;
			children = (
				D56106ED2DFB709F009E86D7 /* Preview Assets.xcassets */,
			);
			path = "Preview Content";
			sourceTree = "<group>";
		};
		D56C94572E01F3AE000E6A1E /* Frameworks */ = {
			isa = PBXGroup;
			children = (
				D56C94582E01F3AE000E6A1E /* cpu_runner.a */,
			);
			name = Frameworks;
			sourceTree = "<group>";
		};
/* End PBXGroup section */

/* Begin PBXNativeTarget section */
		D56106E22DFB709A009E86D7 /* GbaDisplay */ = {
			isa = PBXNativeTarget;
			buildConfigurationList = D56106F22DFB709F009E86D7 /* Build configuration list for PBXNativeTarget "GbaDisplay" */;
			buildPhases = (
				D56106DF2DFB709A009E86D7 /* Sources */,
				D56106E02DFB709A009E86D7 /* Frameworks */,
				D56106E12DFB709A009E86D7 /* Resources */,
			);
			buildRules = (
			);
			dependencies = (
			);
			name = GbaDisplay;
			productName = GbaDisplay;
			productReference = D56106E32DFB709A009E86D7 /* GbaDisplay.app */;
			productType = "com.apple.product-type.application";
		};
/* End PBXNativeTarget section */

/* Begin PBXProject section */
		D56106DB2DFB709A009E86D7 /* Project object */ = {
			isa = PBXProject;
			attributes = {
				BuildIndependentTargetsInParallel = 1;
				LastSwiftUpdateCheck = 1430;
				LastUpgradeCheck = 1430;
				TargetAttributes = {
					D56106E22DFB709A009E86D7 = {
						CreatedOnToolsVersion = 14.3.1;
					};
				};
			};
			buildConfigurationList = D56106DE2DFB709A009E86D7 /* Build configuration list for PBXProject "GbaDisplay" */;
			compatibilityVersion = "Xcode 14.0";
			developmentRegion = en;
			hasScannedForEncodings = 0;
			knownRegions = (
				en,
				Base,
			);
			mainGroup = D56106DA2DFB709A009E86D7;
			productRefGroup = D56106E42DFB709A009E86D7 /* Products */;
			projectDirPath = "";
			projectRoot = "";
			targets = (
				D56106E22DFB709A009E86D7 /* GbaDisplay */,
			);
		};
/* End PBXProject section */

/* Begin PBXResourcesBuildPhase section */
		D56106E12DFB709A009E86D7 /* Resources */ = {
			isa = PBXResourcesBuildPhase;
			buildActionMask = 2147483647;
			files = (
				D56106EE2DFB709F009E86D7 /* Preview Assets.xcassets in Resources */,
				D56106EB2DFB709F009E86D7 /* Assets.xcassets in Resources */,
			);
			runOnlyForDeploymentPostprocessing = 0;
		};
/* End PBXResourcesBuildPhase section */

/* Begin PBXSourcesBuildPhase section */
		D56106DF2DFB709A009E86D7 /* Sources */ = {
			isa = PBXSourcesBuildPhase;
			buildActionMask = 2147483647;
			files = (
				D56106F82DFB72EB009E86D7 /* MetalRenderer.swift in Sources */,
				D56106F62DFB7290009E86D7 /* MetalView.swift in Sources */,
				D56106E92DFB709A009E86D7 /* ContentView.swift in Sources */,
				D5CF437B2E00C2BF00CDFFBA /* RegisterDecoders.swift in Sources */,
				D520EB8C2E0C945800025C28 /* TileRenderer.swift in Sources */,
				D56C94562E01F198000E6A1E /* Bridging-Header-cpp.mm in Sources */,
				D56C945D2E027AC1000E6A1E /* MemoryAccessor.swift in Sources */,
				D56106E72DFB709A009E86D7 /* GbaDisplayApp.swift in Sources */,
				D520EB8E2E0E7C2C00025C28 /* DisplayInputAdapter.swift in Sources */,
				D56106FC2DFB731E009E86D7 /* Shaders.metal in Sources */,
				D56106FE2DFBF58D009E86D7 /* GameLoop.swift in Sources */,
				D520EB922E0F1FBA00025C28 /* oam_parser.metal in Sources */,
			);
			runOnlyForDeploymentPostprocessing = 0;
		};
/* End PBXSourcesBuildPhase section */

/* Begin XCBuildConfiguration section */
		D56106F02DFB709F009E86D7 /* Debug */ = {
			isa = XCBuildConfiguration;
			buildSettings = {
				ALWAYS_SEARCH_USER_PATHS = NO;
				CLANG_ANALYZER_NONNULL = YES;
				CLANG_ANALYZER_NUMBER_OBJECT_CONVERSION = YES_AGGRESSIVE;
				CLANG_CXX_LANGUAGE_STANDARD = "gnu++20";
				CLANG_ENABLE_MODULES = YES;
				CLANG_ENABLE_OBJC_ARC = YES;
				CLANG_ENABLE_OBJC_WEAK = YES;
				CLANG_WARN_BLOCK_CAPTURE_AUTORELEASING = YES;
				CLANG_WARN_BOOL_CONVERSION = YES;
				CLANG_WARN_COMMA = YES;
				CLANG_WARN_CONSTANT_CONVERSION = YES;
				CLANG_WARN_DEPRECATED_OBJC_IMPLEMENTATIONS = YES;
				CLANG_WARN_DIRECT_OBJC_ISA_USAGE = YES_ERROR;
				CLANG_WARN_DOCUMENTATION_COMMENTS = YES;
				CLANG_WARN_EMPTY_BODY = YES;
				CLANG_WARN_ENUM_CONVERSION = YES;
				CLANG_WARN_INFINITE_RECURSION = YES;
				CLANG_WARN_INT_CONVERSION = YES;
				CLANG_WARN_NON_LITERAL_NULL_CONVERSION = YES;
				CLANG_WARN_OBJC_IMPLICIT_RETAIN_SELF = YES;
				CLANG_WARN_OBJC_LITERAL_CONVERSION = YES;
				CLANG_WARN_OBJC_ROOT_CLASS = YES_ERROR;
				CLANG_WARN_QUOTED_INCLUDE_IN_FRAMEWORK_HEADER = YES;
				CLANG_WARN_RANGE_LOOP_ANALYSIS = YES;
				CLANG_WARN_STRICT_PROTOTYPES = YES;
				CLANG_WARN_SUSPICIOUS_MOVE = YES;
				CLANG_WARN_UNGUARDED_AVAILABILITY = YES_AGGRESSIVE;
				CLANG_WARN_UNREACHABLE_CODE = YES;
				CLANG_WARN__DUPLICATE_METHOD_MATCH = YES;
				COPY_PHASE_STRIP = NO;
				DEBUG_INFORMATION_FORMAT = dwarf;
				ENABLE_STRICT_OBJC_MSGSEND = YES;
				ENABLE_TESTABILITY = YES;
				GCC_C_LANGUAGE_STANDARD = gnu11;
				GCC_DYNAMIC_NO_PIC = NO;
				GCC_NO_COMMON_BLOCKS = YES;
				GCC_OPTIMIZATION_LEVEL = 0;
				GCC_PREPROCESSOR_DEFINITIONS = (
					"DEBUG=1",
					"$(inherited)",
				);
				GCC_WARN_64_TO_32_BIT_CONVERSION = YES;
				GCC_WARN_ABOUT_RETURN_TYPE = YES_ERROR;
				GCC_WARN_UNDECLARED_SELECTOR = YES;
				GCC_WARN_UNINITIALIZED_AUTOS = YES_AGGRESSIVE;
				GCC_WARN_UNUSED_FUNCTION = YES;
				GCC_WARN_UNUSED_VARIABLE = YES;
				MACOSX_DEPLOYMENT_TARGET = 13.3;
				MTL_ENABLE_DEBUG_INFO = INCLUDE_SOURCE;
				MTL_FAST_MATH = YES;
				ONLY_ACTIVE_ARCH = YES;
				SDKROOT = macosx;
				SWIFT_ACTIVE_COMPILATION_CONDITIONS = DEBUG;
				SWIFT_OPTIMIZATION_LEVEL = "-Onone";
			};
			name = Debug;
		};
		D56106F12DFB709F009E86D7 /* Release */ = {
			isa = XCBuildConfiguration;
			buildSettings = {
				ALWAYS_SEARCH_USER_PATHS = NO;
				CLANG_ANALYZER_NONNULL = YES;
				CLANG_ANALYZER_NUMBER_OBJECT_CONVERSION = YES_AGGRESSIVE;
				CLANG_CXX_LANGUAGE_STANDARD = "gnu++20";
				CLANG_ENABLE_MODULES = YES;
				CLANG_ENABLE_OBJC_ARC = YES;
				CLANG_ENABLE_OBJC_WEAK = YES;
				CLANG_WARN_BLOCK_CAPTURE_AUTORELEASING = YES;
				CLANG_WARN_BOOL_CONVERSION = YES;
				CLANG_WARN_COMMA = YES;
				CLANG_WARN_CONSTANT_CONVERSION = YES;
				CLANG_WARN_DEPRECATED_OBJC_IMPLEMENTATIONS = YES;
				CLANG_WARN_DIRECT_OBJC_ISA_USAGE = YES_ERROR;
				CLANG_WARN_DOCUMENTATION_COMMENTS = YES;
				CLANG_WARN_EMPTY_BODY = YES;
				CLANG_WARN_ENUM_CONVERSION = YES;
				CLANG_WARN_INFINITE_RECURSION = YES;
				CLANG_WARN_INT_CONVERSION = YES;
				CLANG_WARN_NON_LITERAL_NULL_CONVERSION = YES;
				CLANG_WARN_OBJC_IMPLICIT_RETAIN_SELF = YES;
				CLANG_WARN_OBJC_LITERAL_CONVERSION = YES;
				CLANG_WARN_OBJC_ROOT_CLASS = YES_ERROR;
				CLANG_WARN_QUOTED_INCLUDE_IN_FRAMEWORK_HEADER = YES;
				CLANG_WARN_RANGE_LOOP_ANALYSIS = YES;
				CLANG_WARN_STRICT_PROTOTYPES = YES;
				CLANG_WARN_SUSPICIOUS_MOVE = YES;
				CLANG_WARN_UNGUARDED_AVAILABILITY = YES_AGGRESSIVE;
				CLANG_WARN_UNREACHABLE_CODE = YES;
				CLANG_WARN__DUPLICATE_METHOD_MATCH = YES;
				COPY_PHASE_STRIP = NO;
				DEBUG_INFORMATION_FORMAT = "dwarf-with-dsym";
				ENABLE_NS_ASSERTIONS = NO;
				ENABLE_STRICT_OBJC_MSGSEND = YES;
				GCC_C_LANGUAGE_STANDARD = gnu11;
				GCC_NO_COMMON_BLOCKS = YES;
				GCC_WARN_64_TO_32_BIT_CONVERSION = YES;
				GCC_WARN_ABOUT_RETURN_TYPE = YES_ERROR;
				GCC_WARN_UNDECLARED_SELECTOR = YES;
				GCC_WARN_UNINITIALIZED_AUTOS = YES_AGGRESSIVE;
				GCC_WARN_UNUSED_FUNCTION = YES;
				GCC_WARN_UNUSED_VARIABLE = YES;
				MACOSX_DEPLOYMENT_TARGET = 13.3;
				MTL_ENABLE_DEBUG_INFO = NO;
				MTL_FAST_MATH = YES;
				SDKROOT = macosx;
				SWIFT_COMPILATION_MODE = wholemodule;
				SWIFT_OPTIMIZATION_LEVEL = "-O";
			};
			name = Release;
		};
		D56106F32DFB709F009E86D7 /* Debug */ = {
			isa = XCBuildConfiguration;
			buildSettings = {
				ASSETCATALOG_COMPILER_APPICON_NAME = AppIcon;
				ASSETCATALOG_COMPILER_GLOBAL_ACCENT_COLOR_NAME = AccentColor;
				CODE_SIGN_ENTITLEMENTS = GbaDisplay/GbaDisplay.entitlements;
				CODE_SIGN_IDENTITY = "Apple Development";
				"CODE_SIGN_IDENTITY[sdk=macosx*]" = "-";
				CODE_SIGN_STYLE = Automatic;
				COMBINE_HIDPI_IMAGES = YES;
				CURRENT_PROJECT_VERSION = 1;
				DEVELOPMENT_ASSET_PATHS = "\"GbaDisplay/Preview Content\"";
				DEVELOPMENT_TEAM = "";
				ENABLE_PREVIEWS = YES;
				GENERATE_INFOPLIST_FILE = YES;
				HEADER_SEARCH_PATHS = /Users/pauljoo/Documents/ds_emulator/include;
				INFOPLIST_KEY_NSHumanReadableCopyright = "";
				LD_RUNPATH_SEARCH_PATHS = (
					"$(inherited)",
					"@executable_path/../Frameworks",
				);
				MARKETING_VERSION = 1.0;
				PRODUCT_BUNDLE_IDENTIFIER = me.GbaDisplay;
				PRODUCT_NAME = "$(TARGET_NAME)";
				PROVISIONING_PROFILE_SPECIFIER = "";
				SWIFT_EMIT_LOC_STRINGS = YES;
				SWIFT_OBJC_BRIDGING_HEADER = "GbaDisplay/Bridging-Header.h";
				SWIFT_VERSION = 5.0;
			};
			name = Debug;
		};
		D56106F42DFB709F009E86D7 /* Release */ = {
			isa = XCBuildConfiguration;
			buildSettings = {
				ASSETCATALOG_COMPILER_APPICON_NAME = AppIcon;
				ASSETCATALOG_COMPILER_GLOBAL_ACCENT_COLOR_NAME = AccentColor;
				CODE_SIGN_ENTITLEMENTS = GbaDisplay/GbaDisplay.entitlements;
				CODE_SIGN_IDENTITY = "Apple Development";
				"CODE_SIGN_IDENTITY[sdk=macosx*]" = "-";
				CODE_SIGN_STYLE = Automatic;
				COMBINE_HIDPI_IMAGES = YES;
				CURRENT_PROJECT_VERSION = 1;
				DEVELOPMENT_ASSET_PATHS = "\"GbaDisplay/Preview Content\"";
				DEVELOPMENT_TEAM = "";
				ENABLE_PREVIEWS = YES;
				GENERATE_INFOPLIST_FILE = YES;
				HEADER_SEARCH_PATHS = /Users/pauljoo/Documents/ds_emulator/include;
				INFOPLIST_KEY_NSHumanReadableCopyright = "";
				LD_RUNPATH_SEARCH_PATHS = (
					"$(inherited)",
					"@executable_path/../Frameworks",
				);
				MARKETING_VERSION = 1.0;
				PRODUCT_BUNDLE_IDENTIFIER = me.GbaDisplay;
				PRODUCT_NAME = "$(TARGET_NAME)";
				PROVISIONING_PROFILE_SPECIFIER = "";
				SWIFT_EMIT_LOC_STRINGS = YES;
				SWIFT_OBJC_BRIDGING_HEADER = "GbaDisplay/Bridging-Header.h";
				SWIFT_VERSION = 5.0;
			};
			name = Release;
		};
/* End XCBuildConfiguration section */

/* Begin XCConfigurationList section */
		D56106DE2DFB709A009E86D7 /* Build configuration list for PBXProject "GbaDisplay" */ = {
			isa = XCConfigurationList;
			buildConfigurations = (
				D56106F02DFB709F009E86D7 /* Debug */,
				D56106F12DFB709F009E86D7 /* Release */,
			);
			defaultConfigurationIsVisible = 0;
			defaultConfigurationName = Release;
		};
		D56106F22DFB709F009E86D7 /* Build configuration list for PBXNativeTarget "GbaDisplay" */ = {
			isa = XCConfigurationList;
			buildConfigurations = (
				D56106F32DFB709F009E86D7 /* Debug */,
				D56106F42DFB709F009E86D7 /* Release */,
			);
			defaultConfigurationIsVisible = 0;
			defaultConfigurationName = Release;
		};
/* End XCConfigurationList section */
	};
	rootObject = D56106DB2DFB709A009E86D7 /* Project object */;
}
